PODS:
  - IQKeyboardManagerSwift (6.5.10)
  - Kingfisher (7.4.1)

DEPENDENCIES:
  - IQKeyboardManagerSwift
  - Kingfisher (~> 7.0)

SPEC REPOS:
  trunk:
    - IQKeyboardManagerSwift
    - Kingfisher

SPEC CHECKSUMS:
  IQKeyboardManagerSwift: 52962c76ab33532f15ad9f3ff4e5715eda5335bb
  Kingfisher: cd762a593a61b2fbecf7645c00f9a801a3ebfc9c

PODFILE CHECKSUM: ca2132f3db467bdff5a7ddbd21713505b1d5218c

COCOAPODS: 1.11.3
