// !$*UTF8*$!
{
	archiveVersion = 1;
	classes = {
	};
	objectVersion = 56;
	objects = {

/* Begin PBXBuildFile section */
		CC3780762946FC800039953E /* AppDelegate.swift in Sources */ = {isa = PBXBuildFile; fileRef = CC3780752946FC800039953E /* AppDelegate.swift */; };
		CC3780782946FC800039953E /* SceneDelegate.swift in Sources */ = {isa = PBXBuildFile; fileRef = CC3780772946FC800039953E /* SceneDelegate.swift */; };
		CC37807A2946FC800039953E /* ViewController.swift in Sources */ = {isa = PBXBuildFile; fileRef = CC3780792946FC800039953E /* ViewController.swift */; };
		CC37807D2946FC800039953E /* Main.storyboard in Resources */ = {isa = PBXBuildFile; fileRef = CC37807B2946FC800039953E /* Main.storyboard */; };
		CC37807F2946FCA90039953E /* Assets.xcassets in Resources */ = {isa = PBXBuildFile; fileRef = CC37807E2946FCA90039953E /* Assets.xcassets */; };
		CC3780822946FCA90039953E /* LaunchScreen.storyboard in Resources */ = {isa = PBXBuildFile; fileRef = CC3780802946FCA90039953E /* LaunchScreen.storyboard */; };
		CC37808D2946FCA90039953E /* RickAndMortyTests.swift in Sources */ = {isa = PBXBuildFile; fileRef = CC37808C2946FCA90039953E /* RickAndMortyTests.swift */; };
		CC3780972946FCA90039953E /* RickAndMortyUITests.swift in Sources */ = {isa = PBXBuildFile; fileRef = CC3780962946FCA90039953E /* RickAndMortyUITests.swift */; };
		CC3780992946FCA90039953E /* RickAndMortyUITestsLaunchTests.swift in Sources */ = {isa = PBXBuildFile; fileRef = CC3780982946FCA90039953E /* RickAndMortyUITestsLaunchTests.swift */; };
		CC3780A72946FE320039953E /* RockAndMorty.swift in Sources */ = {isa = PBXBuildFile; fileRef = CC3780A62946FE310039953E /* RockAndMorty.swift */; };
		CC3780AB29470D810039953E /* CollectionViewCell.swift in Sources */ = {isa = PBXBuildFile; fileRef = CC3780AA29470D810039953E /* CollectionViewCell.swift */; };
		CCD1BE4629475A960086B719 /* Kingfisher in Frameworks */ = {isa = PBXBuildFile; productRef = CCD1BE4529475A960086B719 /* Kingfisher */; };
		CCE4C5F829489C8600B929CC /* CharacterInfoViewController.swift in Sources */ = {isa = PBXBuildFile; fileRef = CCE4C5F729489C8600B929CC /* CharacterInfoViewController.swift */; };
/* End PBXBuildFile section */

/* Begin PBXContainerItemProxy section */
		CC3780892946FCA90039953E /* PBXContainerItemProxy */ = {
			isa = PBXContainerItemProxy;
			containerPortal = CC37806A2946FC7E0039953E /* Project object */;
			proxyType = 1;
			remoteGlobalIDString = CC3780712946FC7F0039953E;
			remoteInfo = RickAndMorty;
		};
		CC3780932946FCA90039953E /* PBXContainerItemProxy */ = {
			isa = PBXContainerItemProxy;
			containerPortal = CC37806A2946FC7E0039953E /* Project object */;
			proxyType = 1;
			remoteGlobalIDString = CC3780712946FC7F0039953E;
			remoteInfo = RickAndMorty;
		};
/* End PBXContainerItemProxy section */

/* Begin PBXFileReference section */
		CC3780722946FC7F0039953E /* RickAndMorty.app */ = {isa = PBXFileReference; explicitFileType = wrapper.application; includeInIndex = 0; path = RickAndMorty.app; sourceTree = BUILT_PRODUCTS_DIR; };
		CC3780752946FC800039953E /* AppDelegate.swift */ = {isa = PBXFileReference; lastKnownFileType = sourcecode.swift; path = AppDelegate.swift; sourceTree = "<group>"; };
		CC3780772946FC800039953E /* SceneDelegate.swift */ = {isa = PBXFileReference; lastKnownFileType = sourcecode.swift; path = SceneDelegate.swift; sourceTree = "<group>"; };
		CC3780792946FC800039953E /* ViewController.swift */ = {isa = PBXFileReference; lastKnownFileType = sourcecode.swift; path = ViewController.swift; sourceTree = "<group>"; };
		CC37807C2946FC800039953E /* Base */ = {isa = PBXFileReference; lastKnownFileType = file.storyboard; name = Base; path = Base.lproj/Main.storyboard; sourceTree = "<group>"; };
		CC37807E2946FCA90039953E /* Assets.xcassets */ = {isa = PBXFileReference; lastKnownFileType = folder.assetcatalog; path = Assets.xcassets; sourceTree = "<group>"; };
		CC3780812946FCA90039953E /* Base */ = {isa = PBXFileReference; lastKnownFileType = file.storyboard; name = Base; path = Base.lproj/LaunchScreen.storyboard; sourceTree = "<group>"; };
		CC3780832946FCA90039953E /* Info.plist */ = {isa = PBXFileReference; lastKnownFileType = text.plist.xml; path = Info.plist; sourceTree = "<group>"; };
		CC3780882946FCA90039953E /* RickAndMortyTests.xctest */ = {isa = PBXFileReference; explicitFileType = wrapper.cfbundle; includeInIndex = 0; path = RickAndMortyTests.xctest; sourceTree = BUILT_PRODUCTS_DIR; };
		CC37808C2946FCA90039953E /* RickAndMortyTests.swift */ = {isa = PBXFileReference; lastKnownFileType = sourcecode.swift; path = RickAndMortyTests.swift; sourceTree = "<group>"; };
		CC3780922946FCA90039953E /* RickAndMortyUITests.xctest */ = {isa = PBXFileReference; explicitFileType = wrapper.cfbundle; includeInIndex = 0; path = RickAndMortyUITests.xctest; sourceTree = BUILT_PRODUCTS_DIR; };
		CC3780962946FCA90039953E /* RickAndMortyUITests.swift */ = {isa = PBXFileReference; lastKnownFileType = sourcecode.swift; path = RickAndMortyUITests.swift; sourceTree = "<group>"; };
		CC3780982946FCA90039953E /* RickAndMortyUITestsLaunchTests.swift */ = {isa = PBXFileReference; lastKnownFileType = sourcecode.swift; path = RickAndMortyUITestsLaunchTests.swift; sourceTree = "<group>"; };
		CC3780A62946FE310039953E /* RockAndMorty.swift */ = {isa = PBXFileReference; lastKnownFileType = sourcecode.swift; path = RockAndMorty.swift; sourceTree = "<group>"; };
		CC3780AA29470D810039953E /* CollectionViewCell.swift */ = {isa = PBXFileReference; lastKnownFileType = sourcecode.swift; path = CollectionViewCell.swift; sourceTree = "<group>"; };
		CCE4C5F729489C8600B929CC /* CharacterInfoViewController.swift */ = {isa = PBXFileReference; lastKnownFileType = sourcecode.swift; path = CharacterInfoViewController.swift; sourceTree = "<group>"; };
/* End PBXFileReference section */

/* Begin PBXFrameworksBuildPhase section */
		CC37806F2946FC7F0039953E /* Frameworks */ = {
			isa = PBXFrameworksBuildPhase;
			buildActionMask = 2147483647;
			files = (
				CCD1BE4629475A960086B719 /* Kingfisher in Frameworks */,
			);
			runOnlyForDeploymentPostprocessing = 0;
		};
		CC3780852946FCA90039953E /* Frameworks */ = {
			isa = PBXFrameworksBuildPhase;
			buildActionMask = 2147483647;
			files = (
			);
			runOnlyForDeploymentPostprocessing = 0;
		};
		CC37808F2946FCA90039953E /* Frameworks */ = {
			isa = PBXFrameworksBuildPhase;
			buildActionMask = 2147483647;
			files = (
			);
			runOnlyForDeploymentPostprocessing = 0;
		};
/* End PBXFrameworksBuildPhase section */

/* Begin PBXGroup section */
		CC3780692946FC7D0039953E = {
			isa = PBXGroup;
			children = (
				CC3780742946FC7F0039953E /* RickAndMorty */,
				CC37808B2946FCA90039953E /* RickAndMortyTests */,
				CC3780952946FCA90039953E /* RickAndMortyUITests */,
				CC3780732946FC7F0039953E /* Products */,
			);
			sourceTree = "<group>";
		};
		CC3780732946FC7F0039953E /* Products */ = {
			isa = PBXGroup;
			children = (
				CC3780722946FC7F0039953E /* RickAndMorty.app */,
				CC3780882946FCA90039953E /* RickAndMortyTests.xctest */,
				CC3780922946FCA90039953E /* RickAndMortyUITests.xctest */,
			);
			name = Products;
			sourceTree = "<group>";
		};
		CC3780742946FC7F0039953E /* RickAndMorty */ = {
			isa = PBXGroup;
			children = (
				CC3780A52946FD720039953E /* Model */,
				CC3780752946FC800039953E /* AppDelegate.swift */,
				CC3780772946FC800039953E /* SceneDelegate.swift */,
				CC37807B2946FC800039953E /* Main.storyboard */,
				CC37807E2946FCA90039953E /* Assets.xcassets */,
				CC3780802946FCA90039953E /* LaunchScreen.storyboard */,
				CC3780832946FCA90039953E /* Info.plist */,
				CC3780AA29470D810039953E /* CollectionViewCell.swift */,
				CC3780792946FC800039953E /* ViewController.swift */,
				CCE4C5F729489C8600B929CC /* CharacterInfoViewController.swift */,
			);
			path = RickAndMorty;
			sourceTree = "<group>";
		};
		CC37808B2946FCA90039953E /* RickAndMortyTests */ = {
			isa = PBXGroup;
			children = (
				CC37808C2946FCA90039953E /* RickAndMortyTests.swift */,
			);
			path = RickAndMortyTests;
			sourceTree = "<group>";
		};
		CC3780952946FCA90039953E /* RickAndMortyUITests */ = {
			isa = PBXGroup;
			children = (
				CC3780962946FCA90039953E /* RickAndMortyUITests.swift */,
				CC3780982946FCA90039953E /* RickAndMortyUITestsLaunchTests.swift */,
			);
			path = RickAndMortyUITests;
			sourceTree = "<group>";
		};
		CC3780A52946FD720039953E /* Model */ = {
			isa = PBXGroup;
			children = (
				CC3780A62946FE310039953E /* RockAndMorty.swift */,
			);
			path = Model;
			sourceTree = "<group>";
		};
/* End PBXGroup section */

/* Begin PBXNativeTarget section */
		CC3780712946FC7F0039953E /* RickAndMorty */ = {
			isa = PBXNativeTarget;
			buildConfigurationList = CC37809C2946FCA90039953E /* Build configuration list for PBXNativeTarget "RickAndMorty" */;
			buildPhases = (
				CC37806E2946FC7F0039953E /* Sources */,
				CC37806F2946FC7F0039953E /* Frameworks */,
				CC3780702946FC7F0039953E /* Resources */,
			);
			buildRules = (
			);
			dependencies = (
			);
			name = RickAndMorty;
			packageProductDependencies = (
				CCD1BE4529475A960086B719 /* Kingfisher */,
			);
			productName = RickAndMorty;
			productReference = CC3780722946FC7F0039953E /* RickAndMorty.app */;
			productType = "com.apple.product-type.application";
		};
		CC3780872946FCA90039953E /* RickAndMortyTests */ = {
			isa = PBXNativeTarget;
			buildConfigurationList = CC37809F2946FCA90039953E /* Build configuration list for PBXNativeTarget "RickAndMortyTests" */;
			buildPhases = (
				CC3780842946FCA90039953E /* Sources */,
				CC3780852946FCA90039953E /* Frameworks */,
				CC3780862946FCA90039953E /* Resources */,
			);
			buildRules = (
			);
			dependencies = (
				CC37808A2946FCA90039953E /* PBXTargetDependency */,
			);
			name = RickAndMortyTests;
			productName = RickAndMortyTests;
			productReference = CC3780882946FCA90039953E /* RickAndMortyTests.xctest */;
			productType = "com.apple.product-type.bundle.unit-test";
		};
		CC3780912946FCA90039953E /* RickAndMortyUITests */ = {
			isa = PBXNativeTarget;
			buildConfigurationList = CC3780A22946FCA90039953E /* Build configuration list for PBXNativeTarget "RickAndMortyUITests" */;
			buildPhases = (
				CC37808E2946FCA90039953E /* Sources */,
				CC37808F2946FCA90039953E /* Frameworks */,
				CC3780902946FCA90039953E /* Resources */,
			);
			buildRules = (
			);
			dependencies = (
				CC3780942946FCA90039953E /* PBXTargetDependency */,
			);
			name = RickAndMortyUITests;
			productName = RickAndMortyUITests;
			productReference = CC3780922946FCA90039953E /* RickAndMortyUITests.xctest */;
			productType = "com.apple.product-type.bundle.ui-testing";
		};
/* End PBXNativeTarget section */

/* Begin PBXProject section */
		CC37806A2946FC7E0039953E /* Project object */ = {
			isa = PBXProject;
			attributes = {
				BuildIndependentTargetsInParallel = 1;
				LastSwiftUpdateCheck = 1400;
				LastUpgradeCheck = 1400;
				TargetAttributes = {
					CC3780712946FC7F0039953E = {
						CreatedOnToolsVersion = 14.0.1;
					};
					CC3780872946FCA90039953E = {
						CreatedOnToolsVersion = 14.0.1;
						TestTargetID = CC3780712946FC7F0039953E;
					};
					CC3780912946FCA90039953E = {
						CreatedOnToolsVersion = 14.0.1;
						TestTargetID = CC3780712946FC7F0039953E;
					};
				};
			};
			buildConfigurationList = CC37806D2946FC7E0039953E /* Build configuration list for PBXProject "RickAndMorty" */;
			compatibilityVersion = "Xcode 14.0";
			developmentRegion = en;
			hasScannedForEncodings = 0;
			knownRegions = (
				en,
				Base,
			);
			mainGroup = CC3780692946FC7D0039953E;
			packageReferences = (
				CCD1BE4429475A960086B719 /* XCRemoteSwiftPackageReference "Kingfisher" */,
			);
			productRefGroup = CC3780732946FC7F0039953E /* Products */;
			projectDirPath = "";
			projectRoot = "";
			targets = (
				CC3780712946FC7F0039953E /* RickAndMorty */,
				CC3780872946FCA90039953E /* RickAndMortyTests */,
				CC3780912946FCA90039953E /* RickAndMortyUITests */,
			);
		};
/* End PBXProject section */

/* Begin PBXResourcesBuildPhase section */
		CC3780702946FC7F0039953E /* Resources */ = {
			isa = PBXResourcesBuildPhase;
			buildActionMask = 2147483647;
			files = (
				CC3780822946FCA90039953E /* LaunchScreen.storyboard in Resources */,
				CC37807F2946FCA90039953E /* Assets.xcassets in Resources */,
				CC37807D2946FC800039953E /* Main.storyboard in Resources */,
			);
			runOnlyForDeploymentPostprocessing = 0;
		};
		CC3780862946FCA90039953E /* Resources */ = {
			isa = PBXResourcesBuildPhase;
			buildActionMask = 2147483647;
			files = (
			);
			runOnlyForDeploymentPostprocessing = 0;
		};
		CC3780902946FCA90039953E /* Resources */ = {
			isa = PBXResourcesBuildPhase;
			buildActionMask = 2147483647;
			files = (
			);
			runOnlyForDeploymentPostprocessing = 0;
		};
/* End PBXResourcesBuildPhase section */

/* Begin PBXSourcesBuildPhase section */
		CC37806E2946FC7F0039953E /* Sources */ = {
			isa = PBXSourcesBuildPhase;
			buildActionMask = 2147483647;
			files = (
				CC37807A2946FC800039953E /* ViewController.swift in Sources */,
				CC3780AB29470D810039953E /* CollectionViewCell.swift in Sources */,
				CC3780762946FC800039953E /* AppDelegate.swift in Sources */,
				CC3780A72946FE320039953E /* RockAndMorty.swift in Sources */,
				CCE4C5F829489C8600B929CC /* CharacterInfoViewController.swift in Sources */,
				CC3780782946FC800039953E /* SceneDelegate.swift in Sources */,
			);
			runOnlyForDeploymentPostprocessing = 0;
		};
		CC3780842946FCA90039953E /* Sources */ = {
			isa = PBXSourcesBuildPhase;
			buildActionMask = 2147483647;
			files = (
				CC37808D2946FCA90039953E /* RickAndMortyTests.swift in Sources */,
			);
			runOnlyForDeploymentPostprocessing = 0;
		};
		CC37808E2946FCA90039953E /* Sources */ = {
			isa = PBXSourcesBuildPhase;
			buildActionMask = 2147483647;
			files = (
				CC3780972946FCA90039953E /* RickAndMortyUITests.swift in Sources */,
				CC3780992946FCA90039953E /* RickAndMortyUITestsLaunchTests.swift in Sources */,
			);
			runOnlyForDeploymentPostprocessing = 0;
		};
/* End PBXSourcesBuildPhase section */

/* Begin PBXTargetDependency section */
		CC37808A2946FCA90039953E /* PBXTargetDependency */ = {
			isa = PBXTargetDependency;
			target = CC3780712946FC7F0039953E /* RickAndMorty */;
			targetProxy = CC3780892946FCA90039953E /* PBXContainerItemProxy */;
		};
		CC3780942946FCA90039953E /* PBXTargetDependency */ = {
			isa = PBXTargetDependency;
			target = CC3780712946FC7F0039953E /* RickAndMorty */;
			targetProxy = CC3780932946FCA90039953E /* PBXContainerItemProxy */;
		};
/* End PBXTargetDependency section */

/* Begin PBXVariantGroup section */
		CC37807B2946FC800039953E /* Main.storyboard */ = {
			isa = PBXVariantGroup;
			children = (
				CC37807C2946FC800039953E /* Base */,
			);
			name = Main.storyboard;
			sourceTree = "<group>";
		};
		CC3780802946FCA90039953E /* LaunchScreen.storyboard */ = {
			isa = PBXVariantGroup;
			children = (
				CC3780812946FCA90039953E /* Base */,
			);
			name = LaunchScreen.storyboard;
			sourceTree = "<group>";
		};
/* End PBXVariantGroup section */

/* Begin XCBuildConfiguration section */
		CC37809A2946FCA90039953E /* Debug */ = {
			isa = XCBuildConfiguration;
			buildSettings = {
				ALWAYS_SEARCH_USER_PATHS = NO;
				CLANG_ANALYZER_NONNULL = YES;
				CLANG_ANALYZER_NUMBER_OBJECT_CONVERSION = YES_AGGRESSIVE;
				CLANG_CXX_LANGUAGE_STANDARD = "gnu++20";
				CLANG_ENABLE_MODULES = YES;
				CLANG_ENABLE_OBJC_ARC = YES;
				CLANG_ENABLE_OBJC_WEAK = YES;
				CLANG_WARN_BLOCK_CAPTURE_AUTORELEASING = YES;
				CLANG_WARN_BOOL_CONVERSION = YES;
				CLANG_WARN_COMMA = YES;
				CLANG_WARN_CONSTANT_CONVERSION = YES;
				CLANG_WARN_DEPRECATED_OBJC_IMPLEMENTATIONS = YES;
				CLANG_WARN_DIRECT_OBJC_ISA_USAGE = YES_ERROR;
				CLANG_WARN_DOCUMENTATION_COMMENTS = YES;
				CLANG_WARN_EMPTY_BODY = YES;
				CLANG_WARN_ENUM_CONVERSION = YES;
				CLANG_WARN_INFINITE_RECURSION = YES;
				CLANG_WARN_INT_CONVERSION = YES;
				CLANG_WARN_NON_LITERAL_NULL_CONVERSION = YES;
				CLANG_WARN_OBJC_IMPLICIT_RETAIN_SELF = YES;
				CLANG_WARN_OBJC_LITERAL_CONVERSION = YES;
				CLANG_WARN_OBJC_ROOT_CLASS = YES_ERROR;
				CLANG_WARN_QUOTED_INCLUDE_IN_FRAMEWORK_HEADER = YES;
				CLANG_WARN_RANGE_LOOP_ANALYSIS = YES;
				CLANG_WARN_STRICT_PROTOTYPES = YES;
				CLANG_WARN_SUSPICIOUS_MOVE = YES;
				CLANG_WARN_UNGUARDED_AVAILABILITY = YES_AGGRESSIVE;
				CLANG_WARN_UNREACHABLE_CODE = YES;
				CLANG_WARN__DUPLICATE_METHOD_MATCH = YES;
				COPY_PHASE_STRIP = NO;
				DEBUG_INFORMATION_FORMAT = dwarf;
				ENABLE_STRICT_OBJC_MSGSEND = YES;
				ENABLE_TESTABILITY = YES;
				GCC_C_LANGUAGE_STANDARD = gnu11;
				GCC_DYNAMIC_NO_PIC = NO;
				GCC_NO_COMMON_BLOCKS = YES;
				GCC_OPTIMIZATION_LEVEL = 0;
				GCC_PREPROCESSOR_DEFINITIONS = (
					"DEBUG=1",
					"$(inherited)",
				);
				GCC_WARN_64_TO_32_BIT_CONVERSION = YES;
				GCC_WARN_ABOUT_RETURN_TYPE = YES_ERROR;
				GCC_WARN_UNDECLARED_SELECTOR = YES;
				GCC_WARN_UNINITIALIZED_AUTOS = YES_AGGRESSIVE;
				GCC_WARN_UNUSED_FUNCTION = YES;
				GCC_WARN_UNUSED_VARIABLE = YES;
				IPHONEOS_DEPLOYMENT_TARGET = 16.0;
				MTL_ENABLE_DEBUG_INFO = INCLUDE_SOURCE;
				MTL_FAST_MATH = YES;
				ONLY_ACTIVE_ARCH = YES;
				SDKROOT = iphoneos;
				SWIFT_ACTIVE_COMPILATION_CONDITIONS = DEBUG;
				SWIFT_OPTIMIZATION_LEVEL = "-Onone";
			};
			name = Debug;
		};
		CC37809B2946FCA90039953E /* Release */ = {
			isa = XCBuildConfiguration;
			buildSettings = {
				ALWAYS_SEARCH_USER_PATHS = NO;
				CLANG_ANALYZER_NONNULL = YES;
				CLANG_ANALYZER_NUMBER_OBJECT_CONVERSION = YES_AGGRESSIVE;
				CLANG_CXX_LANGUAGE_STANDARD = "gnu++20";
				CLANG_ENABLE_MODULES = YES;
				CLANG_ENABLE_OBJC_ARC = YES;
				CLANG_ENABLE_OBJC_WEAK = YES;
				CLANG_WARN_BLOCK_CAPTURE_AUTORELEASING = YES;
				CLANG_WARN_BOOL_CONVERSION = YES;
				CLANG_WARN_COMMA = YES;
				CLANG_WARN_CONSTANT_CONVERSION = YES;
				CLANG_WARN_DEPRECATED_OBJC_IMPLEMENTATIONS = YES;
				CLANG_WARN_DIRECT_OBJC_ISA_USAGE = YES_ERROR;
				CLANG_WARN_DOCUMENTATION_COMMENTS = YES;
				CLANG_WARN_EMPTY_BODY = YES;
				CLANG_WARN_ENUM_CONVERSION = YES;
				CLANG_WARN_INFINITE_RECURSION = YES;
				CLANG_WARN_INT_CONVERSION = YES;
				CLANG_WARN_NON_LITERAL_NULL_CONVERSION = YES;
				CLANG_WARN_OBJC_IMPLICIT_RETAIN_SELF = YES;
				CLANG_WARN_OBJC_LITERAL_CONVERSION = YES;
				CLANG_WARN_OBJC_ROOT_CLASS = YES_ERROR;
				CLANG_WARN_QUOTED_INCLUDE_IN_FRAMEWORK_HEADER = YES;
				CLANG_WARN_RANGE_LOOP_ANALYSIS = YES;
				CLANG_WARN_STRICT_PROTOTYPES = YES;
				CLANG_WARN_SUSPICIOUS_MOVE = YES;
				CLANG_WARN_UNGUARDED_AVAILABILITY = YES_AGGRESSIVE;
				CLANG_WARN_UNREACHABLE_CODE = YES;
				CLANG_WARN__DUPLICATE_METHOD_MATCH = YES;
				COPY_PHASE_STRIP = NO;
				DEBUG_INFORMATION_FORMAT = "dwarf-with-dsym";
				ENABLE_NS_ASSERTIONS = NO;
				ENABLE_STRICT_OBJC_MSGSEND = YES;
				GCC_C_LANGUAGE_STANDARD = gnu11;
				GCC_NO_COMMON_BLOCKS = YES;
				GCC_WARN_64_TO_32_BIT_CONVERSION = YES;
				GCC_WARN_ABOUT_RETURN_TYPE = YES_ERROR;
				GCC_WARN_UNDECLARED_SELECTOR = YES;
				GCC_WARN_UNINITIALIZED_AUTOS = YES_AGGRESSIVE;
				GCC_WARN_UNUSED_FUNCTION = YES;
				GCC_WARN_UNUSED_VARIABLE = YES;
				IPHONEOS_DEPLOYMENT_TARGET = 16.0;
				MTL_ENABLE_DEBUG_INFO = NO;
				MTL_FAST_MATH = YES;
				SDKROOT = iphoneos;
				SWIFT_COMPILATION_MODE = wholemodule;
				SWIFT_OPTIMIZATION_LEVEL = "-O";
				VALIDATE_PRODUCT = YES;
			};
			name = Release;
		};
		CC37809D2946FCA90039953E /* Debug */ = {
			isa = XCBuildConfiguration;
			buildSettings = {
				ASSETCATALOG_COMPILER_APPICON_NAME = AppIcon;
				ASSETCATALOG_COMPILER_GLOBAL_ACCENT_COLOR_NAME = AccentColor;
				CODE_SIGN_STYLE = Automatic;
				CURRENT_PROJECT_VERSION = 1;
				GENERATE_INFOPLIST_FILE = YES;
				INFOPLIST_FILE = RickAndMorty/Info.plist;
				INFOPLIST_KEY_UIApplicationSupportsIndirectInputEvents = YES;
				INFOPLIST_KEY_UILaunchStoryboardName = LaunchScreen;
				INFOPLIST_KEY_UIMainStoryboardFile = Main;
				INFOPLIST_KEY_UISupportedInterfaceOrientations_iPad = "UIInterfaceOrientationPortrait UIInterfaceOrientationPortraitUpsideDown UIInterfaceOrientationLandscapeLeft UIInterfaceOrientationLandscapeRight";
				INFOPLIST_KEY_UISupportedInterfaceOrientations_iPhone = "UIInterfaceOrientationPortrait UIInterfaceOrientationLandscapeLeft UIInterfaceOrientationLandscapeRight";
				LD_RUNPATH_SEARCH_PATHS = (
					"$(inherited)",
					"@executable_path/Frameworks",
				);
				MARKETING_VERSION = 1.0;
				PRODUCT_BUNDLE_IDENTIFIER = com.RickAndMorty;
				PRODUCT_NAME = "$(TARGET_NAME)";
				SWIFT_EMIT_LOC_STRINGS = YES;
				SWIFT_VERSION = 5.0;
				TARGETED_DEVICE_FAMILY = "1,2";
			};
			name = Debug;
		};
		CC37809E2946FCA90039953E /* Release */ = {
			isa = XCBuildConfiguration;
			buildSettings = {
				ASSETCATALOG_COMPILER_APPICON_NAME = AppIcon;
				ASSETCATALOG_COMPILER_GLOBAL_ACCENT_COLOR_NAME = AccentColor;
				CODE_SIGN_STYLE = Automatic;
				CURRENT_PROJECT_VERSION = 1;
				GENERATE_INFOPLIST_FILE = YES;
				INFOPLIST_FILE = RickAndMorty/Info.plist;
				INFOPLIST_KEY_UIApplicationSupportsIndirectInputEvents = YES;
				INFOPLIST_KEY_UILaunchStoryboardName = LaunchScreen;
				INFOPLIST_KEY_UIMainStoryboardFile = Main;
				INFOPLIST_KEY_UISupportedInterfaceOrientations_iPad = "UIInterfaceOrientationPortrait UIInterfaceOrientationPortraitUpsideDown UIInterfaceOrientationLandscapeLeft UIInterfaceOrientationLandscapeRight";
				INFOPLIST_KEY_UISupportedInterfaceOrientations_iPhone = "UIInterfaceOrientationPortrait UIInterfaceOrientationLandscapeLeft UIInterfaceOrientationLandscapeRight";
				LD_RUNPATH_SEARCH_PATHS = (
					"$(inherited)",
					"@executable_path/Frameworks",
				);
				MARKETING_VERSION = 1.0;
				PRODUCT_BUNDLE_IDENTIFIER = com.RickAndMorty;
				PRODUCT_NAME = "$(TARGET_NAME)";
				SWIFT_EMIT_LOC_STRINGS = YES;
				SWIFT_VERSION = 5.0;
				TARGETED_DEVICE_FAMILY = "1,2";
			};
			name = Release;
		};
		CC3780A02946FCA90039953E /* Debug */ = {
			isa = XCBuildConfiguration;
			buildSettings = {
				ALWAYS_EMBED_SWIFT_STANDARD_LIBRARIES = YES;
				BUNDLE_LOADER = "$(TEST_HOST)";
				CODE_SIGN_STYLE = Automatic;
				CURRENT_PROJECT_VERSION = 1;
				GENERATE_INFOPLIST_FILE = YES;
				IPHONEOS_DEPLOYMENT_TARGET = 16.0;
				MARKETING_VERSION = 1.0;
				PRODUCT_BUNDLE_IDENTIFIER = com.RickAndMortyTests;
				PRODUCT_NAME = "$(TARGET_NAME)";
				SWIFT_EMIT_LOC_STRINGS = NO;
				SWIFT_VERSION = 5.0;
				TARGETED_DEVICE_FAMILY = "1,2";
				TEST_HOST = "$(BUILT_PRODUCTS_DIR)/RickAndMorty.app/$(BUNDLE_EXECUTABLE_FOLDER_PATH)/RickAndMorty";
			};
			name = Debug;
		};
		CC3780A12946FCA90039953E /* Release */ = {
			isa = XCBuildConfiguration;
			buildSettings = {
				ALWAYS_EMBED_SWIFT_STANDARD_LIBRARIES = YES;
				BUNDLE_LOADER = "$(TEST_HOST)";
				CODE_SIGN_STYLE = Automatic;
				CURRENT_PROJECT_VERSION = 1;
				GENERATE_INFOPLIST_FILE = YES;
				IPHONEOS_DEPLOYMENT_TARGET = 16.0;
				MARKETING_VERSION = 1.0;
				PRODUCT_BUNDLE_IDENTIFIER = com.RickAndMortyTests;
				PRODUCT_NAME = "$(TARGET_NAME)";
				SWIFT_EMIT_LOC_STRINGS = NO;
				SWIFT_VERSION = 5.0;
				TARGETED_DEVICE_FAMILY = "1,2";
				TEST_HOST = "$(BUILT_PRODUCTS_DIR)/RickAndMorty.app/$(BUNDLE_EXECUTABLE_FOLDER_PATH)/RickAndMorty";
			};
			name = Release;
		};
		CC3780A32946FCA90039953E /* Debug */ = {
			isa = XCBuildConfiguration;
			buildSettings = {
				ALWAYS_EMBED_SWIFT_STANDARD_LIBRARIES = YES;
				CODE_SIGN_STYLE = Automatic;
				CURRENT_PROJECT_VERSION = 1;
				GENERATE_INFOPLIST_FILE = YES;
				MARKETING_VERSION = 1.0;
				PRODUCT_BUNDLE_IDENTIFIER = com.RickAndMortyUITests;
				PRODUCT_NAME = "$(TARGET_NAME)";
				SWIFT_EMIT_LOC_STRINGS = NO;
				SWIFT_VERSION = 5.0;
				TARGETED_DEVICE_FAMILY = "1,2";
				TEST_TARGET_NAME = RickAndMorty;
			};
			name = Debug;
		};
		CC3780A42946FCA90039953E /* Release */ = {
			isa = XCBuildConfiguration;
			buildSettings = {
				ALWAYS_EMBED_SWIFT_STANDARD_LIBRARIES = YES;
				CODE_SIGN_STYLE = Automatic;
				CURRENT_PROJECT_VERSION = 1;
				GENERATE_INFOPLIST_FILE = YES;
				MARKETING_VERSION = 1.0;
				PRODUCT_BUNDLE_IDENTIFIER = com.RickAndMortyUITests;
				PRODUCT_NAME = "$(TARGET_NAME)";
				SWIFT_EMIT_LOC_STRINGS = NO;
				SWIFT_VERSION = 5.0;
				TARGETED_DEVICE_FAMILY = "1,2";
				TEST_TARGET_NAME = RickAndMorty;
			};
			name = Release;
		};
/* End XCBuildConfiguration section */

/* Begin XCConfigurationList section */
		CC37806D2946FC7E0039953E /* Build configuration list for PBXProject "RickAndMorty" */ = {
			isa = XCConfigurationList;
			buildConfigurations = (
				CC37809A2946FCA90039953E /* Debug */,
				CC37809B2946FCA90039953E /* Release */,
			);
			defaultConfigurationIsVisible = 0;
			defaultConfigurationName = Release;
		};
		CC37809C2946FCA90039953E /* Build configuration list for PBXNativeTarget "RickAndMorty" */ = {
			isa = XCConfigurationList;
			buildConfigurations = (
				CC37809D2946FCA90039953E /* Debug */,
				CC37809E2946FCA90039953E /* Release */,
			);
			defaultConfigurationIsVisible = 0;
			defaultConfigurationName = Release;
		};
		CC37809F2946FCA90039953E /* Build configuration list for PBXNativeTarget "RickAndMortyTests" */ = {
			isa = XCConfigurationList;
			buildConfigurations = (
				CC3780A02946FCA90039953E /* Debug */,
				CC3780A12946FCA90039953E /* Release */,
			);
			defaultConfigurationIsVisible = 0;
			defaultConfigurationName = Release;
		};
		CC3780A22946FCA90039953E /* Build configuration list for PBXNativeTarget "RickAndMortyUITests" */ = {
			isa = XCConfigurationList;
			buildConfigurations = (
				CC3780A32946FCA90039953E /* Debug */,
				CC3780A42946FCA90039953E /* Release */,
			);
			defaultConfigurationIsVisible = 0;
			defaultConfigurationName = Release;
		};
/* End XCConfigurationList section */

/* Begin XCRemoteSwiftPackageReference section */
		CCD1BE4429475A960086B719 /* XCRemoteSwiftPackageReference "Kingfisher" */ = {
			isa = XCRemoteSwiftPackageReference;
			repositoryURL = "https://github.com/onevcat/Kingfisher.git";
			requirement = {
				kind = upToNextMajorVersion;
				minimumVersion = 7.0.0;
			};
		};
/* End XCRemoteSwiftPackageReference section */

/* Begin XCSwiftPackageProductDependency section */
		CCD1BE4529475A960086B719 /* Kingfisher */ = {
			isa = XCSwiftPackageProductDependency;
			package = CCD1BE4429475A960086B719 /* XCRemoteSwiftPackageReference "Kingfisher" */;
			productName = Kingfisher;
		};
/* End XCSwiftPackageProductDependency section */
	};
	rootObject = CC37806A2946FC7E0039953E /* Project object */;
}
